
Microsoft Visual Studio Solution File, Format Version 12.00
# Visual Studio Version 17
VisualStudioVersion = 17.14.36603.0 d17.14
MinimumVisualStudioVersion = 10.0.40219.1
Project("{FAE04EC0-301F-11D3-BF4B-00C04F79EFBC}") = "ExpenseTracker", "ExpenseTracker\ExpenseTracker.csproj", "{829F3DCF-C9AA-4A89-A312-27218A4376DD}"
EndProject
Global
	GlobalSection(SolutionConfigurationPlatforms) = preSolution
		Debug|Any CPU = Debug|Any CPU
		Release|Any CPU = Release|Any CPU
	EndGlobalSection
	GlobalSection(ProjectConfigurationPlatforms) = postSolution
		{829F3DCF-C9AA-4A89-A312-27218A4376DD}.Debug|Any CPU.ActiveCfg = Debug|Any CPU
		{829F3DCF-C9AA-4A89-A312-27218A4376DD}.Debug|Any CPU.Build.0 = Debug|Any CPU
		{829F3DCF-C9AA-4A89-A312-27218A4376DD}.Release|Any CPU.ActiveCfg = Release|Any CPU
		{829F3DCF-C9AA-4A89-A312-27218A4376DD}.Release|Any CPU.Build.0 = Release|Any CPU
	EndGlobalSection
	GlobalSection(SolutionProperties) = preSolution
		HideSolutionNode = FALSE
	EndGlobalSection
	GlobalSection(ExtensibilityGlobals) = postSolution
		SolutionGuid = {5BEE233A-B280-4C33-83AF-E1E4B43CC864}
	EndGlobalSection
EndGlobal
